
Microsoft Visual Studio Solution File, Format Version 12.00
# Visual Studio Version 16
VisualStudioVersion = 16.0.30204.135
MinimumVisualStudioVersion = 10.0.40219.1
Project("{FAE04EC0-301F-11D3-BF4B-00C04F79EFBC}") = "KidActivityManagement", "KidActivityManagement.csproj", "{EA40BC15-7BAB-4B81-A549-BE8ABC65F75F}"
EndProject
Global
	GlobalSection(SolutionConfigurationPlatforms) = preSolution
		Debug|Any CPU = Debug|Any CPU
		Release|Any CPU = Release|Any CPU
	EndGlobalSection
	GlobalSection(ProjectConfigurationPlatforms) = postSolution
		{EA40BC15-7BAB-4B81-A549-BE8ABC65F75F}.Debug|Any CPU.ActiveCfg = Debug|Any CPU
		{EA40BC15-7BAB-4B81-A549-BE8ABC65F75F}.Debug|Any CPU.Build.0 = Debug|Any CPU
		{EA40BC15-7BAB-4B81-A549-BE8ABC65F75F}.Release|Any CPU.ActiveCfg = Release|Any CPU
		{EA40BC15-7BAB-4B81-A549-BE8ABC65F75F}.Release|Any CPU.Build.0 = Release|Any CPU
	EndGlobalSection
	GlobalSection(SolutionProperties) = preSolution
		HideSolutionNode = FALSE
	EndGlobalSection
	GlobalSection(ExtensibilityGlobals) = postSolution
		SolutionGuid = {2EA36C64-F2B9-4119-9030-0C8BE77EF196}
	EndGlobalSection
EndGlobal
